
Microsoft Visual Studio Solution File, Format Version 12.00
# Visual Studio Version 16
VisualStudioVersion = 16.0.31112.23
MinimumVisualStudioVersion = 10.0.40219.1
Project("{9A19103F-16F7-4668-BE54-9A1E7A4F7556}") = "WebApp", "WebApp\WebApp.csproj", "{10095AFD-8180-422D-B2AE-D9C217E0EADE}"
EndProject
Project("{FAE04EC0-301F-11D3-BF4B-00C04F79EFBC}") = "TestProject", "TestProject\TestProject.csproj", "{7D0E5B65-437C-4674-9C3D-496B92F48BEA}"
EndProject
Global
	GlobalSection(SolutionConfigurationPlatforms) = preSolution
		Debug|Any CPU = Debug|Any CPU
		Release|Any CPU = Release|Any CPU
	EndGlobalSection
	GlobalSection(ProjectConfigurationPlatforms) = postSolution
		{10095AFD-8180-422D-B2AE-D9C217E0EADE}.Debug|Any CPU.ActiveCfg = Debug|Any CPU
		{10095AFD-8180-422D-B2AE-D9C217E0EADE}.Debug|Any CPU.Build.0 = Debug|Any CPU
		{10095AFD-8180-422D-B2AE-D9C217E0EADE}.Release|Any CPU.ActiveCfg = Release|Any CPU
		{10095AFD-8180-422D-B2AE-D9C217E0EADE}.Release|Any CPU.Build.0 = Release|Any CPU
		{7D0E5B65-437C-4674-9C3D-496B92F48BEA}.Debug|Any CPU.ActiveCfg = Debug|Any CPU
		{7D0E5B65-437C-4674-9C3D-496B92F48BEA}.Debug|Any CPU.Build.0 = Debug|Any CPU
		{7D0E5B65-437C-4674-9C3D-496B92F48BEA}.Release|Any CPU.ActiveCfg = Release|Any CPU
		{7D0E5B65-437C-4674-9C3D-496B92F48BEA}.Release|Any CPU.Build.0 = Release|Any CPU
	EndGlobalSection
	GlobalSection(SolutionProperties) = preSolution
		HideSolutionNode = FALSE
	EndGlobalSection
	GlobalSection(ExtensibilityGlobals) = postSolution
		SolutionGuid = {D8F65048-C68E-41DE-A2DB-1E3D42517E2C}
	EndGlobalSection
EndGlobal
